{
  "name": "modulos-nodejs",
  "version": "1.0.0",
  "lockfileVersion": 3,
  "requires": true,
  "packages": {
    "": {
      "name": "modulos-nodejs",
      "version": "1.0.0",
      "license": "ISC",
      "dependencies": {
        "cpf-cnpj-validator": "^2.1.2",
        "validar-cpf": "^3.1.1"
      }
    },
    "node_modules/cpf-cnpj-validator": {
      "version": "2.1.2",
      "resolved": "https://registry.npmjs.org/cpf-cnpj-validator/-/cpf-cnpj-validator-2.1.2.tgz",
      "integrity": "sha512-JhU4oUhZRugvDZvWBSsQQHNHbWcjc5VW4BlmaKfChm7ddMSh/Ixv2iHM0uFNx3hN3NYgfVgVNl5MbkjNr5tgyA==",
      "license": "MIT",
      "engines": {
        "node": ">=18"
      },
      "peerDependencies": {
        "@angular/forms": ">=15",
        "class-validator": "^0.14.0 || ^0.15.0",
        "joi": "^17.0.0",
        "reflect-metadata": "^0.2.0",
        "yup": "^1.0.0",
        "zod": "^3.22.0 || ^4.0.0"
      },
      "peerDependenciesMeta": {
        "@angular/forms": {
          "optional": true
        },
        "class-validator": {
          "optional": true
        },
        "joi": {
          "optional": true
        },
        "reflect-metadata": {
          "optional": true
        },
        "yup": {
          "optional": true
        },
        "zod": {
          "optional": true
        }
      }
    },
    "node_modules/validar-cpf": {
      "version": "3.1.1",
      "resolved": "https://registry.npmjs.org/validar-cpf/-/validar-cpf-3.1.1.tgz",
      "integrity": "sha512-7qBi2tY2WlBqnn+rpuaBCdgJiNLcTWh8mRvHz2Q2OH7GHiSRoJNytUSyzTsFHZaBX2/DO6wjkDwWR/PriIFM/w==",
      "license": "MIT"
    }
  }
}
